
Microsoft Visual Studio Solution File, Format Version 12.00
# Visual Studio 15
VisualStudioVersion = 15.0.27703.2047
MinimumVisualStudioVersion = 10.0.40219.1
Project("{FAE04EC0-301F-11D3-BF4B-00C04F79EFBC}") = "KetchupCatalogUI", "KetchupCatalogUI\KetchupCatalogUI.csproj", "{0CD5EBED-2E45-473F-9E77-B6C7CF2B37CD}"
EndProject
Project("{FAE04EC0-301F-11D3-BF4B-00C04F79EFBC}") = "BLC", "BLC\BLC.csproj", "{CD4855A9-76B6-4910-B067-43751552E25C}"
EndProject
Project("{FAE04EC0-301F-11D3-BF4B-00C04F79EFBC}") = "DAOMock", "DAOMock\DAOMock.csproj", "{1D89378A-01DA-4AB1-BE1E-60206950668D}"
EndProject
Project("{FAE04EC0-301F-11D3-BF4B-00C04F79EFBC}") = "DAOMock2", "DAOMock2\DAOMock2.csproj", "{7A9F025F-34EB-4B6A-9D68-5BF123273278}"
EndProject
Project("{FAE04EC0-301F-11D3-BF4B-00C04F79EFBC}") = "Core", "Core\Core.csproj", "{A7A8A176-58D2-4AB6-AF55-FD2EE251580C}"
EndProject
Project("{FAE04EC0-301F-11D3-BF4B-00C04F79EFBC}") = "Interfaces", "Interfaces\Interfaces.csproj", "{EB44F606-1B9B-423C-8496-180F81565C1F}"
EndProject
Project("{FAE04EC0-301F-11D3-BF4B-00C04F79EFBC}") = "ConsoleCatalog", "ConsoleCatalog\ConsoleCatalog.csproj", "{2865EAD6-A0F2-4C5D-969A-7036572326A0}"
EndProject
Global
	GlobalSection(SolutionConfigurationPlatforms) = preSolution
		Debug|Any CPU = Debug|Any CPU
		Release|Any CPU = Release|Any CPU
	EndGlobalSection
	GlobalSection(ProjectConfigurationPlatforms) = postSolution
		{0CD5EBED-2E45-473F-9E77-B6C7CF2B37CD}.Debug|Any CPU.ActiveCfg = Debug|Any CPU
		{0CD5EBED-2E45-473F-9E77-B6C7CF2B37CD}.Debug|Any CPU.Build.0 = Debug|Any CPU
		{0CD5EBED-2E45-473F-9E77-B6C7CF2B37CD}.Release|Any CPU.ActiveCfg = Release|Any CPU
		{0CD5EBED-2E45-473F-9E77-B6C7CF2B37CD}.Release|Any CPU.Build.0 = Release|Any CPU
		{CD4855A9-76B6-4910-B067-43751552E25C}.Debug|Any CPU.ActiveCfg = Debug|Any CPU
		{CD4855A9-76B6-4910-B067-43751552E25C}.Debug|Any CPU.Build.0 = Debug|Any CPU
		{CD4855A9-76B6-4910-B067-43751552E25C}.Release|Any CPU.ActiveCfg = Release|Any CPU
		{CD4855A9-76B6-4910-B067-43751552E25C}.Release|Any CPU.Build.0 = Release|Any CPU
		{1D89378A-01DA-4AB1-BE1E-60206950668D}.Debug|Any CPU.ActiveCfg = Debug|Any CPU
		{1D89378A-01DA-4AB1-BE1E-60206950668D}.Debug|Any CPU.Build.0 = Debug|Any CPU
		{1D89378A-01DA-4AB1-BE1E-60206950668D}.Release|Any CPU.ActiveCfg = Release|Any CPU
		{1D89378A-01DA-4AB1-BE1E-60206950668D}.Release|Any CPU.Build.0 = Release|Any CPU
		{7A9F025F-34EB-4B6A-9D68-5BF123273278}.Debug|Any CPU.ActiveCfg = Debug|Any CPU
		{7A9F025F-34EB-4B6A-9D68-5BF123273278}.Debug|Any CPU.Build.0 = Debug|Any CPU
		{7A9F025F-34EB-4B6A-9D68-5BF123273278}.Release|Any CPU.ActiveCfg = Release|Any CPU
		{7A9F025F-34EB-4B6A-9D68-5BF123273278}.Release|Any CPU.Build.0 = Release|Any CPU
		{A7A8A176-58D2-4AB6-AF55-FD2EE251580C}.Debug|Any CPU.ActiveCfg = Debug|Any CPU
		{A7A8A176-58D2-4AB6-AF55-FD2EE251580C}.Debug|Any CPU.Build.0 = Debug|Any CPU
		{A7A8A176-58D2-4AB6-AF55-FD2EE251580C}.Release|Any CPU.ActiveCfg = Release|Any CPU
		{A7A8A176-58D2-4AB6-AF55-FD2EE251580C}.Release|Any CPU.Build.0 = Release|Any CPU
		{EB44F606-1B9B-423C-8496-180F81565C1F}.Debug|Any CPU.ActiveCfg = Debug|Any CPU
		{EB44F606-1B9B-423C-8496-180F81565C1F}.Debug|Any CPU.Build.0 = Debug|Any CPU
		{EB44F606-1B9B-423C-8496-180F81565C1F}.Release|Any CPU.ActiveCfg = Release|Any CPU
		{EB44F606-1B9B-423C-8496-180F81565C1F}.Release|Any CPU.Build.0 = Release|Any CPU
		{2865EAD6-A0F2-4C5D-969A-7036572326A0}.Debug|Any CPU.ActiveCfg = Debug|Any CPU
		{2865EAD6-A0F2-4C5D-969A-7036572326A0}.Debug|Any CPU.Build.0 = Debug|Any CPU
		{2865EAD6-A0F2-4C5D-969A-7036572326A0}.Release|Any CPU.ActiveCfg = Release|Any CPU
		{2865EAD6-A0F2-4C5D-969A-7036572326A0}.Release|Any CPU.Build.0 = Release|Any CPU
	EndGlobalSection
	GlobalSection(SolutionProperties) = preSolution
		HideSolutionNode = FALSE
	EndGlobalSection
	GlobalSection(ExtensibilityGlobals) = postSolution
		SolutionGuid = {74AAF9F0-6D40-421C-85B7-DE3A111F81FD}
	EndGlobalSection
EndGlobal
